
Microsoft Visual Studio Solution File, Format Version 12.00
# Visual Studio 15
VisualStudioVersion = 15.0.28307.489
MinimumVisualStudioVersion = 10.0.40219.1
Project("{FAE04EC0-301F-11D3-BF4B-00C04F79EFBC}") = "Renamer", "Renamer\Renamer.csproj", "{8980B96F-0353-49B2-9A3F-A591BD199D8D}"
EndProject
Global
	GlobalSection(SolutionConfigurationPlatforms) = preSolution
		Debug|Any CPU = Debug|Any CPU
		Release|Any CPU = Release|Any CPU
	EndGlobalSection
	GlobalSection(ProjectConfigurationPlatforms) = postSolution
		{8980B96F-0353-49B2-9A3F-A591BD199D8D}.Debug|Any CPU.ActiveCfg = Debug|Any CPU
		{8980B96F-0353-49B2-9A3F-A591BD199D8D}.Debug|Any CPU.Build.0 = Debug|Any CPU
		{8980B96F-0353-49B2-9A3F-A591BD199D8D}.Release|Any CPU.ActiveCfg = Release|Any CPU
		{8980B96F-0353-49B2-9A3F-A591BD199D8D}.Release|Any CPU.Build.0 = Release|Any CPU
	EndGlobalSection
	GlobalSection(SolutionProperties) = preSolution
		HideSolutionNode = FALSE
	EndGlobalSection
	GlobalSection(ExtensibilityGlobals) = postSolution
		SolutionGuid = {39032F94-2687-4052-B6F7-D1958105E6B3}
	EndGlobalSection
EndGlobal
